
Microsoft Visual Studio Solution File, Format Version 12.00
# Visual Studio Version 17
VisualStudioVersion = 17.6.33723.286
MinimumVisualStudioVersion = 10.0.40219.1
Project("{FAE04EC0-301F-11D3-BF4B-00C04F79EFBC}") = "Komp_graph", "Komp_graph\Komp_graph.csproj", "{B44E3D68-5EA6-413F-8F5D-EDEF7FE86074}"
EndProject
Global
	GlobalSection(SolutionConfigurationPlatforms) = preSolution
		Debug|Any CPU = Debug|Any CPU
		Release|Any CPU = Release|Any CPU
	EndGlobalSection
	GlobalSection(ProjectConfigurationPlatforms) = postSolution
		{B44E3D68-5EA6-413F-8F5D-EDEF7FE86074}.Debug|Any CPU.ActiveCfg = Debug|Any CPU
		{B44E3D68-5EA6-413F-8F5D-EDEF7FE86074}.Debug|Any CPU.Build.0 = Debug|Any CPU
		{B44E3D68-5EA6-413F-8F5D-EDEF7FE86074}.Release|Any CPU.ActiveCfg = Release|Any CPU
		{B44E3D68-5EA6-413F-8F5D-EDEF7FE86074}.Release|Any CPU.Build.0 = Release|Any CPU
	EndGlobalSection
	GlobalSection(SolutionProperties) = preSolution
		HideSolutionNode = FALSE
	EndGlobalSection
	GlobalSection(ExtensibilityGlobals) = postSolution
		SolutionGuid = {3408E93E-2EC2-45CB-819C-9B2CA9072265}
	EndGlobalSection
EndGlobal
