
Microsoft Visual Studio Solution File, Format Version 12.00
# Visual Studio Version 17
VisualStudioVersion = 17.6.33723.286
MinimumVisualStudioVersion = 10.0.40219.1
Project("{FAE04EC0-301F-11D3-BF4B-00C04F79EFBC}") = "ZBufferLab", "ZBufferLab\ZBufferLab.csproj", "{AC2A42E8-9D1A-4898-8B22-10D06195B601}"
EndProject
Global
	GlobalSection(SolutionConfigurationPlatforms) = preSolution
		Debug|Any CPU = Debug|Any CPU
		Release|Any CPU = Release|Any CPU
	EndGlobalSection
	GlobalSection(ProjectConfigurationPlatforms) = postSolution
		{AC2A42E8-9D1A-4898-8B22-10D06195B601}.Debug|Any CPU.ActiveCfg = Debug|Any CPU
		{AC2A42E8-9D1A-4898-8B22-10D06195B601}.Debug|Any CPU.Build.0 = Debug|Any CPU
		{AC2A42E8-9D1A-4898-8B22-10D06195B601}.Release|Any CPU.ActiveCfg = Release|Any CPU
		{AC2A42E8-9D1A-4898-8B22-10D06195B601}.Release|Any CPU.Build.0 = Release|Any CPU
	EndGlobalSection
	GlobalSection(SolutionProperties) = preSolution
		HideSolutionNode = FALSE
	EndGlobalSection
	GlobalSection(ExtensibilityGlobals) = postSolution
		SolutionGuid = {018672E3-463E-44FD-B723-D52027F0C3A0}
	EndGlobalSection
EndGlobal
