
Microsoft Visual Studio Solution File, Format Version 12.00
# Visual Studio Version 17
VisualStudioVersion = 17.6.33723.286
MinimumVisualStudioVersion = 10.0.40219.1
Project("{FAE04EC0-301F-11D3-BF4B-00C04F79EFBC}") = "PixelTransformationWinForms", "PixelTransformationWinForms\PixelTransformationWinForms.csproj", "{472F7C11-BD7B-4DDF-8EAB-2802B5348572}"
EndProject
Global
	GlobalSection(SolutionConfigurationPlatforms) = preSolution
		Debug|Any CPU = Debug|Any CPU
		Release|Any CPU = Release|Any CPU
	EndGlobalSection
	GlobalSection(ProjectConfigurationPlatforms) = postSolution
		{472F7C11-BD7B-4DDF-8EAB-2802B5348572}.Debug|Any CPU.ActiveCfg = Debug|Any CPU
		{472F7C11-BD7B-4DDF-8EAB-2802B5348572}.Debug|Any CPU.Build.0 = Debug|Any CPU
		{472F7C11-BD7B-4DDF-8EAB-2802B5348572}.Release|Any CPU.ActiveCfg = Release|Any CPU
		{472F7C11-BD7B-4DDF-8EAB-2802B5348572}.Release|Any CPU.Build.0 = Release|Any CPU
	EndGlobalSection
	GlobalSection(SolutionProperties) = preSolution
		HideSolutionNode = FALSE
	EndGlobalSection
	GlobalSection(ExtensibilityGlobals) = postSolution
		SolutionGuid = {F904F743-F457-447F-92F5-906511FA57A6}
	EndGlobalSection
EndGlobal
