
Microsoft Visual Studio Solution File, Format Version 12.00
# Visual Studio Version 17
VisualStudioVersion = 17.6.33723.286
MinimumVisualStudioVersion = 10.0.40219.1
Project("{FAE04EC0-301F-11D3-BF4B-00C04F79EFBC}") = "LineClipping", "LineClipping\LineClipping.csproj", "{00C14CFB-6664-4857-B238-14C7008BD643}"
EndProject
Global
	GlobalSection(SolutionConfigurationPlatforms) = preSolution
		Debug|Any CPU = Debug|Any CPU
		Release|Any CPU = Release|Any CPU
	EndGlobalSection
	GlobalSection(ProjectConfigurationPlatforms) = postSolution
		{00C14CFB-6664-4857-B238-14C7008BD643}.Debug|Any CPU.ActiveCfg = Debug|Any CPU
		{00C14CFB-6664-4857-B238-14C7008BD643}.Debug|Any CPU.Build.0 = Debug|Any CPU
		{00C14CFB-6664-4857-B238-14C7008BD643}.Release|Any CPU.ActiveCfg = Release|Any CPU
		{00C14CFB-6664-4857-B238-14C7008BD643}.Release|Any CPU.Build.0 = Release|Any CPU
	EndGlobalSection
	GlobalSection(SolutionProperties) = preSolution
		HideSolutionNode = FALSE
	EndGlobalSection
	GlobalSection(ExtensibilityGlobals) = postSolution
		SolutionGuid = {1102CACF-E16C-47C4-9CC2-4E8217E85514}
	EndGlobalSection
EndGlobal
