
Microsoft Visual Studio Solution File, Format Version 12.00
# Visual Studio Version 17
VisualStudioVersion = 17.6.33723.286
MinimumVisualStudioVersion = 10.0.40219.1
Project("{FAE04EC0-301F-11D3-BF4B-00C04F79EFBC}") = "Lb1graphics", "Lb1graphics\Lb1graphics.csproj", "{BB3B501B-9C56-47EA-97C3-A0A39EF14200}"
EndProject
Global
	GlobalSection(SolutionConfigurationPlatforms) = preSolution
		Debug|Any CPU = Debug|Any CPU
		Release|Any CPU = Release|Any CPU
	EndGlobalSection
	GlobalSection(ProjectConfigurationPlatforms) = postSolution
		{BB3B501B-9C56-47EA-97C3-A0A39EF14200}.Debug|Any CPU.ActiveCfg = Debug|Any CPU
		{BB3B501B-9C56-47EA-97C3-A0A39EF14200}.Debug|Any CPU.Build.0 = Debug|Any CPU
		{BB3B501B-9C56-47EA-97C3-A0A39EF14200}.Release|Any CPU.ActiveCfg = Release|Any CPU
		{BB3B501B-9C56-47EA-97C3-A0A39EF14200}.Release|Any CPU.Build.0 = Release|Any CPU
	EndGlobalSection
	GlobalSection(SolutionProperties) = preSolution
		HideSolutionNode = FALSE
	EndGlobalSection
	GlobalSection(ExtensibilityGlobals) = postSolution
		SolutionGuid = {17C7D3D2-1B9E-490D-8D97-F3889931773B}
	EndGlobalSection
EndGlobal
